
Microsoft Visual Studio Solution File, Format Version 12.00
# Visual Studio Version 17
VisualStudioVersion = 17.11.35327.3
MinimumVisualStudioVersion = 10.0.40219.1
Project("{FAE04EC0-301F-11D3-BF4B-00C04F79EFBC}") = "DiagonalMatrix", "DiagonalMatrix\DiagonalMatrix.csproj", "{8784326F-2632-4107-9256-4BB2D261FB18}"
EndProject
Global
	GlobalSection(SolutionConfigurationPlatforms) = preSolution
		Debug|Any CPU = Debug|Any CPU
		Release|Any CPU = Release|Any CPU
	EndGlobalSection
	GlobalSection(ProjectConfigurationPlatforms) = postSolution
		{8784326F-2632-4107-9256-4BB2D261FB18}.Debug|Any CPU.ActiveCfg = Debug|Any CPU
		{8784326F-2632-4107-9256-4BB2D261FB18}.Debug|Any CPU.Build.0 = Debug|Any CPU
		{8784326F-2632-4107-9256-4BB2D261FB18}.Release|Any CPU.ActiveCfg = Release|Any CPU
		{8784326F-2632-4107-9256-4BB2D261FB18}.Release|Any CPU.Build.0 = Release|Any CPU
	EndGlobalSection
	GlobalSection(SolutionProperties) = preSolution
		HideSolutionNode = FALSE
	EndGlobalSection
	GlobalSection(ExtensibilityGlobals) = postSolution
		SolutionGuid = {E75DCC29-BB2C-473E-8A4C-FCDCEBC3438C}
	EndGlobalSection
EndGlobal
